
Microsoft Visual Studio Solution File, Format Version 12.00
# Visual Studio Version 16
VisualStudioVersion = 16.0.28803.156
MinimumVisualStudioVersion = 10.0.40219.1
Project("{9A19103F-16F7-4668-BE54-9A1E7A4F7556}") = "ElQueue.Web", "ElQueue.Web\ElQueue.Web.csproj", "{FE3AB7D6-5E8F-4163-A059-CB64839ACA18}"
EndProject
Project("{9A19103F-16F7-4668-BE54-9A1E7A4F7556}") = "ElQueue.DAL", "ElQueue.DAL\ElQueue.DAL.csproj", "{13AD0639-E784-4D1F-A08E-1B50D808835D}"
EndProject
Project("{9A19103F-16F7-4668-BE54-9A1E7A4F7556}") = "ElQueue.BLL", "ElQueue.BLL\ElQueue.BLL.csproj", "{34CF76A6-5EAD-45CC-B43D-F3B7E7C460DA}"
EndProject
Project("{9A19103F-16F7-4668-BE54-9A1E7A4F7556}") = "ElQueue.Orchestrator", "ElQueue.Orchestrator\ElQueue.Orchestrator.csproj", "{47F507E7-42AA-49C9-8BF5-B7A636F941F4}"
EndProject
Global
	GlobalSection(SolutionConfigurationPlatforms) = preSolution
		Debug|Any CPU = Debug|Any CPU
		Release|Any CPU = Release|Any CPU
	EndGlobalSection
	GlobalSection(ProjectConfigurationPlatforms) = postSolution
		{FE3AB7D6-5E8F-4163-A059-CB64839ACA18}.Debug|Any CPU.ActiveCfg = Debug|Any CPU
		{FE3AB7D6-5E8F-4163-A059-CB64839ACA18}.Debug|Any CPU.Build.0 = Debug|Any CPU
		{FE3AB7D6-5E8F-4163-A059-CB64839ACA18}.Release|Any CPU.ActiveCfg = Release|Any CPU
		{FE3AB7D6-5E8F-4163-A059-CB64839ACA18}.Release|Any CPU.Build.0 = Release|Any CPU
		{13AD0639-E784-4D1F-A08E-1B50D808835D}.Debug|Any CPU.ActiveCfg = Debug|Any CPU
		{13AD0639-E784-4D1F-A08E-1B50D808835D}.Debug|Any CPU.Build.0 = Debug|Any CPU
		{13AD0639-E784-4D1F-A08E-1B50D808835D}.Release|Any CPU.ActiveCfg = Release|Any CPU
		{13AD0639-E784-4D1F-A08E-1B50D808835D}.Release|Any CPU.Build.0 = Release|Any CPU
		{34CF76A6-5EAD-45CC-B43D-F3B7E7C460DA}.Debug|Any CPU.ActiveCfg = Debug|Any CPU
		{34CF76A6-5EAD-45CC-B43D-F3B7E7C460DA}.Debug|Any CPU.Build.0 = Debug|Any CPU
		{34CF76A6-5EAD-45CC-B43D-F3B7E7C460DA}.Release|Any CPU.ActiveCfg = Release|Any CPU
		{34CF76A6-5EAD-45CC-B43D-F3B7E7C460DA}.Release|Any CPU.Build.0 = Release|Any CPU
		{47F507E7-42AA-49C9-8BF5-B7A636F941F4}.Debug|Any CPU.ActiveCfg = Debug|Any CPU
		{47F507E7-42AA-49C9-8BF5-B7A636F941F4}.Debug|Any CPU.Build.0 = Debug|Any CPU
		{47F507E7-42AA-49C9-8BF5-B7A636F941F4}.Release|Any CPU.ActiveCfg = Release|Any CPU
		{47F507E7-42AA-49C9-8BF5-B7A636F941F4}.Release|Any CPU.Build.0 = Release|Any CPU
	EndGlobalSection
	GlobalSection(SolutionProperties) = preSolution
		HideSolutionNode = FALSE
	EndGlobalSection
	GlobalSection(ExtensibilityGlobals) = postSolution
		SolutionGuid = {7B45A4F4-B2C5-44F5-A591-D228109DE2F4}
	EndGlobalSection
EndGlobal
